
Microsoft Visual Studio Solution File, Format Version 12.00
# Visual Studio 15
VisualStudioVersion = 15.0.26403.3
MinimumVisualStudioVersion = 10.0.40219.1
Project("{FAE04EC0-301F-11D3-BF4B-00C04F79EFBC}") = "CATSBot", "CATSBot\CATSBot.csproj", "{4DDDD552-9696-4EDE-B5E4-083DCF29A05E}"
EndProject
Project("{FAE04EC0-301F-11D3-BF4B-00C04F79EFBC}") = "CATSBot-Updater", "CATSBot-Updater\CATSBot-Updater.csproj", "{FE2DB885-F1A0-446C-97B4-808601F17B3F}"
EndProject
Global
	GlobalSection(SolutionConfigurationPlatforms) = preSolution
		Debug|Any CPU = Debug|Any CPU
		Release|Any CPU = Release|Any CPU
	EndGlobalSection
	GlobalSection(ProjectConfigurationPlatforms) = postSolution
		{4DDDD552-9696-4EDE-B5E4-083DCF29A05E}.Debug|Any CPU.ActiveCfg = Debug|Any CPU
		{4DDDD552-9696-4EDE-B5E4-083DCF29A05E}.Debug|Any CPU.Build.0 = Debug|Any CPU
		{4DDDD552-9696-4EDE-B5E4-083DCF29A05E}.Release|Any CPU.ActiveCfg = Release|Any CPU
		{4DDDD552-9696-4EDE-B5E4-083DCF29A05E}.Release|Any CPU.Build.0 = Release|Any CPU
		{FE2DB885-F1A0-446C-97B4-808601F17B3F}.Debug|Any CPU.ActiveCfg = Debug|Any CPU
		{FE2DB885-F1A0-446C-97B4-808601F17B3F}.Debug|Any CPU.Build.0 = Debug|Any CPU
		{FE2DB885-F1A0-446C-97B4-808601F17B3F}.Release|Any CPU.ActiveCfg = Release|Any CPU
		{FE2DB885-F1A0-446C-97B4-808601F17B3F}.Release|Any CPU.Build.0 = Release|Any CPU
	EndGlobalSection
	GlobalSection(SolutionProperties) = preSolution
		HideSolutionNode = FALSE
	EndGlobalSection
EndGlobal
